
Microsoft Visual Studio Solution File, Format Version 12.00
# Visual Studio Version 17
VisualStudioVersion = 17.6.33723.286
MinimumVisualStudioVersion = 10.0.40219.1
Project("{FAE04EC0-301F-11D3-BF4B-00C04F79EFBC}") = "Delegate Chains and Exceptions", "Delegate Chains and Exceptions\Delegate Chains and Exceptions.csproj", "{8FBBFA92-B851-46E4-BE0E-F5D13398CBD5}"
EndProject
Global
	GlobalSection(SolutionConfigurationPlatforms) = preSolution
		Debug|Any CPU = Debug|Any CPU
		Release|Any CPU = Release|Any CPU
	EndGlobalSection
	GlobalSection(ProjectConfigurationPlatforms) = postSolution
		{8FBBFA92-B851-46E4-BE0E-F5D13398CBD5}.Debug|Any CPU.ActiveCfg = Debug|Any CPU
		{8FBBFA92-B851-46E4-BE0E-F5D13398CBD5}.Debug|Any CPU.Build.0 = Debug|Any CPU
		{8FBBFA92-B851-46E4-BE0E-F5D13398CBD5}.Release|Any CPU.ActiveCfg = Release|Any CPU
		{8FBBFA92-B851-46E4-BE0E-F5D13398CBD5}.Release|Any CPU.Build.0 = Release|Any CPU
	EndGlobalSection
	GlobalSection(SolutionProperties) = preSolution
		HideSolutionNode = FALSE
	EndGlobalSection
	GlobalSection(ExtensibilityGlobals) = postSolution
		SolutionGuid = {0348FCF0-BC1B-470E-87CA-9A3B0C1CFFE0}
	EndGlobalSection
EndGlobal
